
Microsoft Visual Studio Solution File, Format Version 12.00
# Visual Studio Version 17
VisualStudioVersion = 17.4.33103.184
MinimumVisualStudioVersion = 10.0.40219.1
Project("{FAE04EC0-301F-11D3-BF4B-00C04F79EFBC}") = "CourseTask2", "CourseTask2.csproj", "{7EF7E02A-8797-442A-9EF5-73CDA6134216}"
EndProject
Global
	GlobalSection(SolutionConfigurationPlatforms) = preSolution
		Debug|Any CPU = Debug|Any CPU
		Release|Any CPU = Release|Any CPU
	EndGlobalSection
	GlobalSection(ProjectConfigurationPlatforms) = postSolution
		{7EF7E02A-8797-442A-9EF5-73CDA6134216}.Debug|Any CPU.ActiveCfg = Debug|Any CPU
		{7EF7E02A-8797-442A-9EF5-73CDA6134216}.Debug|Any CPU.Build.0 = Debug|Any CPU
		{7EF7E02A-8797-442A-9EF5-73CDA6134216}.Release|Any CPU.ActiveCfg = Release|Any CPU
		{7EF7E02A-8797-442A-9EF5-73CDA6134216}.Release|Any CPU.Build.0 = Release|Any CPU
	EndGlobalSection
	GlobalSection(SolutionProperties) = preSolution
		HideSolutionNode = FALSE
	EndGlobalSection
	GlobalSection(ExtensibilityGlobals) = postSolution
		SolutionGuid = {10A88EE6-7B1C-44E5-A032-D6DFF4F2BAAF}
	EndGlobalSection
EndGlobal
